
Microsoft Visual Studio Solution File, Format Version 12.00
# Visual Studio 14
VisualStudioVersion = 14.0.23107.0
MinimumVisualStudioVersion = 10.0.40219.1
Project("{8BC9CEB8-8B4A-11D0-8D11-00A0C91BC942}") = "MCG_GFX_Framework", "MCG_GFX_Framework\MCG_GFX_Framework.vcxproj", "{EDAE6090-F60E-444B-B66D-13979FD63FE3}"
EndProject
Global
	GlobalSection(SolutionConfigurationPlatforms) = preSolution
		Debug|x64 = Debug|x64
		Debug|x86 = Debug|x86
		Release|x64 = Release|x64
		Release|x86 = Release|x86
	EndGlobalSection
	GlobalSection(ProjectConfigurationPlatforms) = postSolution
		{EDAE6090-F60E-444B-B66D-13979FD63FE3}.Debug|x64.ActiveCfg = Debug|x64
		{EDAE6090-F60E-444B-B66D-13979FD63FE3}.Debug|x64.Build.0 = Debug|x64
		{EDAE6090-F60E-444B-B66D-13979FD63FE3}.Debug|x86.ActiveCfg = Debug|Win32
		{EDAE6090-F60E-444B-B66D-13979FD63FE3}.Debug|x86.Build.0 = Debug|Win32
		{EDAE6090-F60E-444B-B66D-13979FD63FE3}.Release|x64.ActiveCfg = Release|x64
		{EDAE6090-F60E-444B-B66D-13979FD63FE3}.Release|x64.Build.0 = Release|x64
		{EDAE6090-F60E-444B-B66D-13979FD63FE3}.Release|x86.ActiveCfg = Release|Win32
		{EDAE6090-F60E-444B-B66D-13979FD63FE3}.Release|x86.Build.0 = Release|Win32
	EndGlobalSection
	GlobalSection(SolutionProperties) = preSolution
		HideSolutionNode = FALSE
	EndGlobalSection
EndGlobal
